// !$*UTF8*$!
{
	archiveVersion = 1;
	classes = {
	};
	objectVersion = 46;
	objects = {

/* Begin PBXBuildFile section */
		2760FD781D032DA0006B83E3 /* main.swift in Sources */ = {isa = PBXBuildFile; fileRef = 2760FD771D032DA0006B83E3 /* main.swift */; };
		2760FD7F1D032DB5006B83E3 /* MaxConcurrentTaskQueue.swift in Sources */ = {isa = PBXBuildFile; fileRef = 2760FD7E1D032DB5006B83E3 /* MaxConcurrentTaskQueue.swift */; };
/* End PBXBuildFile section */

/* Begin PBXCopyFilesBuildPhase section */
		2760FD721D032DA0006B83E3 /* CopyFiles */ = {
			isa = PBXCopyFilesBuildPhase;
			buildActionMask = 2147483647;
			dstPath = /usr/share/man/man1/;
			dstSubfolderSpec = 0;
			files = (
			);
			runOnlyForDeploymentPostprocessing = 1;
		};
/* End PBXCopyFilesBuildPhase section */

/* Begin PBXFileReference section */
		2760FD741D032DA0006B83E3 /* MaxConcurrentTaskQueueSwift */ = {isa = PBXFileReference; explicitFileType = "compiled.mach-o.executable"; includeInIndex = 0; path = MaxConcurrentTaskQueueSwift; sourceTree = BUILT_PRODUCTS_DIR; };
		2760FD771D032DA0006B83E3 /* main.swift */ = {isa = PBXFileReference; lastKnownFileType = sourcecode.swift; path = main.swift; sourceTree = "<group>"; };
		2760FD7E1D032DB5006B83E3 /* MaxConcurrentTaskQueue.swift */ = {isa = PBXFileReference; fileEncoding = 4; lastKnownFileType = sourcecode.swift; path = MaxConcurrentTaskQueue.swift; sourceTree = "<group>"; };
		2760FD801D033A9B006B83E3 /* README.md */ = {isa = PBXFileReference; lastKnownFileType = net.daringfireball.markdown; path = README.md; sourceTree = "<group>"; };
/* End PBXFileReference section */

/* Begin PBXFrameworksBuildPhase section */
		2760FD711D032DA0006B83E3 /* Frameworks */ = {
			isa = PBXFrameworksBuildPhase;
			buildActionMask = 2147483647;
			files = (
			);
			runOnlyForDeploymentPostprocessing = 0;
		};
/* End PBXFrameworksBuildPhase section */

/* Begin PBXGroup section */
		2760FD6B1D032DA0006B83E3 = {
			isa = PBXGroup;
			children = (
				2760FD801D033A9B006B83E3 /* README.md */,
				2760FD761D032DA0006B83E3 /* MaxConcurrentTaskQueueSwift */,
				2760FD751D032DA0006B83E3 /* Products */,
			);
			sourceTree = "<group>";
		};
		2760FD751D032DA0006B83E3 /* Products */ = {
			isa = PBXGroup;
			children = (
				2760FD741D032DA0006B83E3 /* MaxConcurrentTaskQueueSwift */,
			);
			name = Products;
			sourceTree = "<group>";
		};
		2760FD761D032DA0006B83E3 /* MaxConcurrentTaskQueueSwift */ = {
			isa = PBXGroup;
			children = (
				2760FD771D032DA0006B83E3 /* main.swift */,
				2760FD7E1D032DB5006B83E3 /* MaxConcurrentTaskQueue.swift */,
			);
			path = MaxConcurrentTaskQueueSwift;
			sourceTree = "<group>";
		};
/* End PBXGroup section */

/* Begin PBXNativeTarget section */
		2760FD731D032DA0006B83E3 /* MaxConcurrentTaskQueueSwift */ = {
			isa = PBXNativeTarget;
			buildConfigurationList = 2760FD7B1D032DA0006B83E3 /* Build configuration list for PBXNativeTarget "MaxConcurrentTaskQueueSwift" */;
			buildPhases = (
				2760FD701D032DA0006B83E3 /* Sources */,
				2760FD711D032DA0006B83E3 /* Frameworks */,
				2760FD721D032DA0006B83E3 /* CopyFiles */,
			);
			buildRules = (
			);
			dependencies = (
			);
			name = MaxConcurrentTaskQueueSwift;
			productName = MaxConcurrentTaskQueueSwift;
			productReference = 2760FD741D032DA0006B83E3 /* MaxConcurrentTaskQueueSwift */;
			productType = "com.apple.product-type.tool";
		};
/* End PBXNativeTarget section */

/* Begin PBXProject section */
		2760FD6C1D032DA0006B83E3 /* Project object */ = {
			isa = PBXProject;
			attributes = {
				LastSwiftUpdateCheck = 0730;
				LastUpgradeCheck = 0730;
				ORGANIZATIONNAME = "Small Text";
				TargetAttributes = {
					2760FD731D032DA0006B83E3 = {
						CreatedOnToolsVersion = 7.3.1;
					};
				};
			};
			buildConfigurationList = 2760FD6F1D032DA0006B83E3 /* Build configuration list for PBXProject "MaxConcurrentTaskQueueSwift" */;
			compatibilityVersion = "Xcode 3.2";
			developmentRegion = English;
			hasScannedForEncodings = 0;
			knownRegions = (
				en,
			);
			mainGroup = 2760FD6B1D032DA0006B83E3;
			productRefGroup = 2760FD751D032DA0006B83E3 /* Products */;
			projectDirPath = "";
			projectRoot = "";
			targets = (
				2760FD731D032DA0006B83E3 /* MaxConcurrentTaskQueueSwift */,
			);
		};
/* End PBXProject section */

/* Begin PBXSourcesBuildPhase section */
		2760FD701D032DA0006B83E3 /* Sources */ = {
			isa = PBXSourcesBuildPhase;
			buildActionMask = 2147483647;
			files = (
				2760FD7F1D032DB5006B83E3 /* MaxConcurrentTaskQueue.swift in Sources */,
				2760FD781D032DA0006B83E3 /* main.swift in Sources */,
			);
			runOnlyForDeploymentPostprocessing = 0;
		};
/* End PBXSourcesBuildPhase section */

/* Begin XCBuildConfiguration section */
		2760FD791D032DA0006B83E3 /* Debug */ = {
			isa = XCBuildConfiguration;
			buildSettings = {
				ALWAYS_SEARCH_USER_PATHS = NO;
				CLANG_ANALYZER_NONNULL = YES;
				CLANG_CXX_LANGUAGE_STANDARD = "gnu++0x";
				CLANG_CXX_LIBRARY = "libc++";
				CLANG_ENABLE_MODULES = YES;
				CLANG_ENABLE_OBJC_ARC = YES;
				CLANG_WARN_BOOL_CONVERSION = YES;
				CLANG_WARN_CONSTANT_CONVERSION = YES;
				CLANG_WARN_DIRECT_OBJC_ISA_USAGE = YES_ERROR;
				CLANG_WARN_EMPTY_BODY = YES;
				CLANG_WARN_ENUM_CONVERSION = YES;
				CLANG_WARN_INT_CONVERSION = YES;
				CLANG_WARN_OBJC_ROOT_CLASS = YES_ERROR;
				CLANG_WARN_UNREACHABLE_CODE = YES;
				CLANG_WARN__DUPLICATE_METHOD_MATCH = YES;
				CODE_SIGN_IDENTITY = "-";
				COPY_PHASE_STRIP = NO;
				DEBUG_INFORMATION_FORMAT = dwarf;
				ENABLE_STRICT_OBJC_MSGSEND = YES;
				ENABLE_TESTABILITY = YES;
				GCC_C_LANGUAGE_STANDARD = gnu99;
				GCC_DYNAMIC_NO_PIC = NO;
				GCC_NO_COMMON_BLOCKS = YES;
				GCC_OPTIMIZATION_LEVEL = 0;
				GCC_PREPROCESSOR_DEFINITIONS = (
					"DEBUG=1",
					"$(inherited)",
				);
				GCC_WARN_64_TO_32_BIT_CONVERSION = YES;
				GCC_WARN_ABOUT_RETURN_TYPE = YES_ERROR;
				GCC_WARN_UNDECLARED_SELECTOR = YES;
				GCC_WARN_UNINITIALIZED_AUTOS = YES_AGGRESSIVE;
				GCC_WARN_UNUSED_FUNCTION = YES;
				GCC_WARN_UNUSED_VARIABLE = YES;
				MACOSX_DEPLOYMENT_TARGET = 10.11;
				MTL_ENABLE_DEBUG_INFO = YES;
				ONLY_ACTIVE_ARCH = YES;
				SDKROOT = macosx;
				SWIFT_OPTIMIZATION_LEVEL = "-Onone";
			};
			name = Debug;
		};
		2760FD7A1D032DA0006B83E3 /* Release */ = {
			isa = XCBuildConfiguration;
			buildSettings = {
				ALWAYS_SEARCH_USER_PATHS = NO;
				CLANG_ANALYZER_NONNULL = YES;
				CLANG_CXX_LANGUAGE_STANDARD = "gnu++0x";
				CLANG_CXX_LIBRARY = "libc++";
				CLANG_ENABLE_MODULES = YES;
				CLANG_ENABLE_OBJC_ARC = YES;
				CLANG_WARN_BOOL_CONVERSION = YES;
				CLANG_WARN_CONSTANT_CONVERSION = YES;
				CLANG_WARN_DIRECT_OBJC_ISA_USAGE = YES_ERROR;
				CLANG_WARN_EMPTY_BODY = YES;
				CLANG_WARN_ENUM_CONVERSION = YES;
				CLANG_WARN_INT_CONVERSION = YES;
				CLANG_WARN_OBJC_ROOT_CLASS = YES_ERROR;
				CLANG_WARN_UNREACHABLE_CODE = YES;
				CLANG_WARN__DUPLICATE_METHOD_MATCH = YES;
				CODE_SIGN_IDENTITY = "-";
				COPY_PHASE_STRIP = NO;
				DEBUG_INFORMATION_FORMAT = "dwarf-with-dsym";
				ENABLE_NS_ASSERTIONS = NO;
				ENABLE_STRICT_OBJC_MSGSEND = YES;
				GCC_C_LANGUAGE_STANDARD = gnu99;
				GCC_NO_COMMON_BLOCKS = YES;
				GCC_WARN_64_TO_32_BIT_CONVERSION = YES;
				GCC_WARN_ABOUT_RETURN_TYPE = YES_ERROR;
				GCC_WARN_UNDECLARED_SELECTOR = YES;
				GCC_WARN_UNINITIALIZED_AUTOS = YES_AGGRESSIVE;
				GCC_WARN_UNUSED_FUNCTION = YES;
				GCC_WARN_UNUSED_VARIABLE = YES;
				MACOSX_DEPLOYMENT_TARGET = 10.11;
				MTL_ENABLE_DEBUG_INFO = NO;
				SDKROOT = macosx;
			};
			name = Release;
		};
		2760FD7C1D032DA0006B83E3 /* Debug */ = {
			isa = XCBuildConfiguration;
			buildSettings = {
				PRODUCT_NAME = "$(TARGET_NAME)";
			};
			name = Debug;
		};
		2760FD7D1D032DA0006B83E3 /* Release */ = {
			isa = XCBuildConfiguration;
			buildSettings = {
				PRODUCT_NAME = "$(TARGET_NAME)";
			};
			name = Release;
		};
/* End XCBuildConfiguration section */

/* Begin XCConfigurationList section */
		2760FD6F1D032DA0006B83E3 /* Build configuration list for PBXProject "MaxConcurrentTaskQueueSwift" */ = {
			isa = XCConfigurationList;
			buildConfigurations = (
				2760FD791D032DA0006B83E3 /* Debug */,
				2760FD7A1D032DA0006B83E3 /* Release */,
			);
			defaultConfigurationIsVisible = 0;
			defaultConfigurationName = Release;
		};
		2760FD7B1D032DA0006B83E3 /* Build configuration list for PBXNativeTarget "MaxConcurrentTaskQueueSwift" */ = {
			isa = XCConfigurationList;
			buildConfigurations = (
				2760FD7C1D032DA0006B83E3 /* Debug */,
				2760FD7D1D032DA0006B83E3 /* Release */,
			);
			defaultConfigurationIsVisible = 0;
		};
/* End XCConfigurationList section */
	};
	rootObject = 2760FD6C1D032DA0006B83E3 /* Project object */;
}
